
Microsoft Visual Studio Solution File, Format Version 12.00
# Visual Studio Version 17
VisualStudioVersion = 17.14.37216.2
MinimumVisualStudioVersion = 10.0.40219.1
Project("{FAE04EC0-301F-11D3-BF4B-00C04F79EFBC}") = "OpenCvWpfTracking", "OpenCvWpfTracking.csproj", "{7F0C501D-5D05-479A-B297-9AE01251DAA5}"
EndProject
Project("{FAE04EC0-301F-11D3-BF4B-00C04F79EFBC}") = "FireCandidateValidator", "FireCandidateValidator\FireCandidateValidator.csproj", "{F8D14D31-A9C8-4D47-9E1A-5D4411308B6A}"
EndProject
Global
	GlobalSection(SolutionConfigurationPlatforms) = preSolution
		Debug|Any CPU = Debug|Any CPU
		Debug|x64 = Debug|x64
		Release|Any CPU = Release|Any CPU
		Release|x64 = Release|x64
	EndGlobalSection
	GlobalSection(ProjectConfigurationPlatforms) = postSolution
		{7F0C501D-5D05-479A-B297-9AE01251DAA5}.Debug|Any CPU.ActiveCfg = Debug|Any CPU
		{7F0C501D-5D05-479A-B297-9AE01251DAA5}.Debug|Any CPU.Build.0 = Debug|Any CPU
		{7F0C501D-5D05-479A-B297-9AE01251DAA5}.Debug|x64.ActiveCfg = Debug|x64
		{7F0C501D-5D05-479A-B297-9AE01251DAA5}.Debug|x64.Build.0 = Debug|x64
		{7F0C501D-5D05-479A-B297-9AE01251DAA5}.Release|Any CPU.ActiveCfg = Release|Any CPU
		{7F0C501D-5D05-479A-B297-9AE01251DAA5}.Release|Any CPU.Build.0 = Release|Any CPU
		{7F0C501D-5D05-479A-B297-9AE01251DAA5}.Release|x64.ActiveCfg = Release|x64
		{7F0C501D-5D05-479A-B297-9AE01251DAA5}.Release|x64.Build.0 = Release|x64
		{F8D14D31-A9C8-4D47-9E1A-5D4411308B6A}.Debug|Any CPU.ActiveCfg = Debug|x64
		{F8D14D31-A9C8-4D47-9E1A-5D4411308B6A}.Debug|Any CPU.Build.0 = Debug|x64
		{F8D14D31-A9C8-4D47-9E1A-5D4411308B6A}.Debug|x64.ActiveCfg = Debug|x64
		{F8D14D31-A9C8-4D47-9E1A-5D4411308B6A}.Debug|x64.Build.0 = Debug|x64
		{F8D14D31-A9C8-4D47-9E1A-5D4411308B6A}.Release|Any CPU.ActiveCfg = Release|x64
		{F8D14D31-A9C8-4D47-9E1A-5D4411308B6A}.Release|Any CPU.Build.0 = Release|x64
		{F8D14D31-A9C8-4D47-9E1A-5D4411308B6A}.Release|x64.ActiveCfg = Release|x64
		{F8D14D31-A9C8-4D47-9E1A-5D4411308B6A}.Release|x64.Build.0 = Release|x64
	EndGlobalSection
	GlobalSection(SolutionProperties) = preSolution
		HideSolutionNode = FALSE
	EndGlobalSection
	GlobalSection(ExtensibilityGlobals) = postSolution
		SolutionGuid = {29C0E14F-BCA2-4E31-8AB9-C7E58A4E0491}
	EndGlobalSection
EndGlobal
